
Microsoft Visual Studio Solution File, Format Version 12.00
# Visual Studio Version 17
VisualStudioVersion = 17.12.35527.113 d17.12
MinimumVisualStudioVersion = 10.0.40219.1
Project("{FAE04EC0-301F-11D3-BF4B-00C04F79EFBC}") = "WebApplication1", "WebApplication1\WebApplication1.csproj", "{232A5527-11C0-43D3-AEA0-EBBF29A7E009}"
EndProject
Global
	GlobalSection(SolutionConfigurationPlatforms) = preSolution
		Debug|Any CPU = Debug|Any CPU
		Release|Any CPU = Release|Any CPU
	EndGlobalSection
	GlobalSection(ProjectConfigurationPlatforms) = postSolution
		{232A5527-11C0-43D3-AEA0-EBBF29A7E009}.Debug|Any CPU.ActiveCfg = Debug|Any CPU
		{232A5527-11C0-43D3-AEA0-EBBF29A7E009}.Debug|Any CPU.Build.0 = Debug|Any CPU
		{232A5527-11C0-43D3-AEA0-EBBF29A7E009}.Release|Any CPU.ActiveCfg = Release|Any CPU
		{232A5527-11C0-43D3-AEA0-EBBF29A7E009}.Release|Any CPU.Build.0 = Release|Any CPU
	EndGlobalSection
	GlobalSection(SolutionProperties) = preSolution
		HideSolutionNode = FALSE
	EndGlobalSection
EndGlobal
